
Microsoft Visual Studio Solution File, Format Version 12.00
# Visual Studio Version 16
VisualStudioVersion = 16.0.30907.101
MinimumVisualStudioVersion = 10.0.40219.1
Project("{FAE04EC0-301F-11D3-BF4B-00C04F79EFBC}") = "JobFinder", "JobFinder\JobFinder.csproj", "{7EEA3912-A49F-440D-81D8-39DD421D1353}"
EndProject
Global
	GlobalSection(SolutionConfigurationPlatforms) = preSolution
		Debug|Any CPU = Debug|Any CPU
		Release|Any CPU = Release|Any CPU
	EndGlobalSection
	GlobalSection(ProjectConfigurationPlatforms) = postSolution
		{7EEA3912-A49F-440D-81D8-39DD421D1353}.Debug|Any CPU.ActiveCfg = Debug|Any CPU
		{7EEA3912-A49F-440D-81D8-39DD421D1353}.Debug|Any CPU.Build.0 = Debug|Any CPU
		{7EEA3912-A49F-440D-81D8-39DD421D1353}.Release|Any CPU.ActiveCfg = Release|Any CPU
		{7EEA3912-A49F-440D-81D8-39DD421D1353}.Release|Any CPU.Build.0 = Release|Any CPU
	EndGlobalSection
	GlobalSection(SolutionProperties) = preSolution
		HideSolutionNode = FALSE
	EndGlobalSection
	GlobalSection(ExtensibilityGlobals) = postSolution
		SolutionGuid = {46FA41FF-838E-4EE1-9719-2B1A80252789}
	EndGlobalSection
EndGlobal
